
Microsoft Visual Studio Solution File, Format Version 12.00
# Visual Studio Version 17
VisualStudioVersion = 17.14.36518.9
MinimumVisualStudioVersion = 10.0.40219.1
Project("{FAE04EC0-301F-11D3-BF4B-00C04F79EFBC}") = "CustomType", "csharp\training\congruent\classes\CustomType.csproj", "{40C2FED4-7E45-47D4-A0B7-EF6A90C53251}"
EndProject
Project("{FAE04EC0-301F-11D3-BF4B-00C04F79EFBC}") = "SampleUsageOfCustomType", "csharp\training\congruent\apps\SampleUsageOfCustomType\SampleUsageOfCustomType.csproj", "{5061F286-5688-45BF-AD37-297AE7B40180}"
EndProject
Project("{FAE04EC0-301F-11D3-BF4B-00C04F79EFBC}") = "SimpleAsyncCode", "csharp\training\congruent\apps\SimpleAsyncCode\SimpleAsyncCode.csproj", "{5E195DE1-0087-4CAB-95A8-4CB9B74D4765}"
EndProject
Project("{FAE04EC0-301F-11D3-BF4B-00C04F79EFBC}") = "WebScraperExceptions", "csharp\training\congruent\apps\WebScraperExceptions\WebScraperExceptions.csproj", "{9EE0EA39-D7BE-4E50-9FDD-F3CCF1D2F89E}"
EndProject
Project("{FAE04EC0-301F-11D3-BF4B-00C04F79EFBC}") = "FileApp", "csharp\training\congruent\apps\FileApp\FileApp.csproj", "{8E6251A2-EF1D-498A-BD4E-64A2FE4C62CB}"
EndProject
Project("{FAE04EC0-301F-11D3-BF4B-00C04F79EFBC}") = "SimpleThreading", "csharp\training\congruent\apps\SimpleThreading\SimpleThreading.csproj", "{23C02983-7288-4293-B095-31974DB3435C}"
EndProject
Global
	GlobalSection(SolutionConfigurationPlatforms) = preSolution
		Debug|Any CPU = Debug|Any CPU
		Release|Any CPU = Release|Any CPU
	EndGlobalSection
	GlobalSection(ProjectConfigurationPlatforms) = postSolution
		{40C2FED4-7E45-47D4-A0B7-EF6A90C53251}.Debug|Any CPU.ActiveCfg = Debug|Any CPU
		{40C2FED4-7E45-47D4-A0B7-EF6A90C53251}.Debug|Any CPU.Build.0 = Debug|Any CPU
		{40C2FED4-7E45-47D4-A0B7-EF6A90C53251}.Release|Any CPU.ActiveCfg = Release|Any CPU
		{40C2FED4-7E45-47D4-A0B7-EF6A90C53251}.Release|Any CPU.Build.0 = Release|Any CPU
		{5061F286-5688-45BF-AD37-297AE7B40180}.Debug|Any CPU.ActiveCfg = Debug|Any CPU
		{5061F286-5688-45BF-AD37-297AE7B40180}.Debug|Any CPU.Build.0 = Debug|Any CPU
		{5061F286-5688-45BF-AD37-297AE7B40180}.Release|Any CPU.ActiveCfg = Release|Any CPU
		{5061F286-5688-45BF-AD37-297AE7B40180}.Release|Any CPU.Build.0 = Release|Any CPU
		{5E195DE1-0087-4CAB-95A8-4CB9B74D4765}.Debug|Any CPU.ActiveCfg = Debug|Any CPU
		{5E195DE1-0087-4CAB-95A8-4CB9B74D4765}.Debug|Any CPU.Build.0 = Debug|Any CPU
		{5E195DE1-0087-4CAB-95A8-4CB9B74D4765}.Release|Any CPU.ActiveCfg = Release|Any CPU
		{5E195DE1-0087-4CAB-95A8-4CB9B74D4765}.Release|Any CPU.Build.0 = Release|Any CPU
		{9EE0EA39-D7BE-4E50-9FDD-F3CCF1D2F89E}.Debug|Any CPU.ActiveCfg = Debug|Any CPU
		{9EE0EA39-D7BE-4E50-9FDD-F3CCF1D2F89E}.Debug|Any CPU.Build.0 = Debug|Any CPU
		{9EE0EA39-D7BE-4E50-9FDD-F3CCF1D2F89E}.Release|Any CPU.ActiveCfg = Release|Any CPU
		{9EE0EA39-D7BE-4E50-9FDD-F3CCF1D2F89E}.Release|Any CPU.Build.0 = Release|Any CPU
		{8E6251A2-EF1D-498A-BD4E-64A2FE4C62CB}.Debug|Any CPU.ActiveCfg = Debug|Any CPU
		{8E6251A2-EF1D-498A-BD4E-64A2FE4C62CB}.Debug|Any CPU.Build.0 = Debug|Any CPU
		{8E6251A2-EF1D-498A-BD4E-64A2FE4C62CB}.Release|Any CPU.ActiveCfg = Release|Any CPU
		{8E6251A2-EF1D-498A-BD4E-64A2FE4C62CB}.Release|Any CPU.Build.0 = Release|Any CPU
		{23C02983-7288-4293-B095-31974DB3435C}.Debug|Any CPU.ActiveCfg = Debug|Any CPU
		{23C02983-7288-4293-B095-31974DB3435C}.Debug|Any CPU.Build.0 = Debug|Any CPU
		{23C02983-7288-4293-B095-31974DB3435C}.Release|Any CPU.ActiveCfg = Release|Any CPU
		{23C02983-7288-4293-B095-31974DB3435C}.Release|Any CPU.Build.0 = Release|Any CPU
	EndGlobalSection
	GlobalSection(SolutionProperties) = preSolution
		HideSolutionNode = FALSE
	EndGlobalSection
	GlobalSection(ExtensibilityGlobals) = postSolution
		SolutionGuid = {B8A1E84B-DFD4-437F-9AB1-ADC7D5ADC58D}
	EndGlobalSection
EndGlobal
