
Microsoft Visual Studio Solution File, Format Version 12.00
# Visual Studio Version 17
VisualStudioVersion = 17.14.36518.9 d17.14
MinimumVisualStudioVersion = 10.0.40219.1
Project("{FAE04EC0-301F-11D3-BF4B-00C04F79EFBC}") = "PolymorphismExample1", "PolymorphismExample1\PolymorphismExample1.csproj", "{851C45DE-9815-44A9-B731-9A08A1B6E842}"
EndProject
Global
	GlobalSection(SolutionConfigurationPlatforms) = preSolution
		Debug|Any CPU = Debug|Any CPU
		Release|Any CPU = Release|Any CPU
	EndGlobalSection
	GlobalSection(ProjectConfigurationPlatforms) = postSolution
		{851C45DE-9815-44A9-B731-9A08A1B6E842}.Debug|Any CPU.ActiveCfg = Debug|Any CPU
		{851C45DE-9815-44A9-B731-9A08A1B6E842}.Debug|Any CPU.Build.0 = Debug|Any CPU
		{851C45DE-9815-44A9-B731-9A08A1B6E842}.Release|Any CPU.ActiveCfg = Release|Any CPU
		{851C45DE-9815-44A9-B731-9A08A1B6E842}.Release|Any CPU.Build.0 = Release|Any CPU
	EndGlobalSection
	GlobalSection(SolutionProperties) = preSolution
		HideSolutionNode = FALSE
	EndGlobalSection
	GlobalSection(ExtensibilityGlobals) = postSolution
		SolutionGuid = {6BED0E2E-63B0-4A5A-861C-373150414D0D}
	EndGlobalSection
EndGlobal
