
Microsoft Visual Studio Solution File, Format Version 12.00
# Visual Studio Version 17
VisualStudioVersion = 17.14.36518.9 d17.14
MinimumVisualStudioVersion = 10.0.40219.1
Project("{FAE04EC0-301F-11D3-BF4B-00C04F79EFBC}") = "hashtag", "hashtag.csproj", "{23E9C352-A2D3-021E-AE40-E4026EF4FD5D}"
EndProject
Global
	GlobalSection(SolutionConfigurationPlatforms) = preSolution
		Debug|Any CPU = Debug|Any CPU
		Release|Any CPU = Release|Any CPU
	EndGlobalSection
	GlobalSection(ProjectConfigurationPlatforms) = postSolution
		{23E9C352-A2D3-021E-AE40-E4026EF4FD5D}.Debug|Any CPU.ActiveCfg = Debug|Any CPU
		{23E9C352-A2D3-021E-AE40-E4026EF4FD5D}.Debug|Any CPU.Build.0 = Debug|Any CPU
		{23E9C352-A2D3-021E-AE40-E4026EF4FD5D}.Release|Any CPU.ActiveCfg = Release|Any CPU
		{23E9C352-A2D3-021E-AE40-E4026EF4FD5D}.Release|Any CPU.Build.0 = Release|Any CPU
	EndGlobalSection
	GlobalSection(SolutionProperties) = preSolution
		HideSolutionNode = FALSE
	EndGlobalSection
	GlobalSection(ExtensibilityGlobals) = postSolution
		SolutionGuid = {075E7336-A715-424A-B146-B194FBF9600D}
	EndGlobalSection
EndGlobal
