
Microsoft Visual Studio Solution File, Format Version 12.00
# Visual Studio Version 17
VisualStudioVersion = 17.14.36518.9
MinimumVisualStudioVersion = 10.0.40219.1
Project("{FAE04EC0-301F-11D3-BF4B-00C04F79EFBC}") = "ClassLib", "Libraries\ClassLib\ClassLib.csproj", "{EE0F23C9-0454-43C1-D25B-06AB6452EA2F}"
EndProject
Project("{F184B08F-C81C-45F6-A57F-5ABD9991F28F}") = "VBClassLib", "Libraries\VBClassLib\VBClassLib.vbproj", "{7A428D93-979A-9F91-5B34-63411346D187}"
EndProject
Project("{FAE04EC0-301F-11D3-BF4B-00C04F79EFBC}") = "CelebrityProblemAlgo", "Algorithms\CelebrityProblem\CelebrityProblemAlgo.csproj", "{BA74B7F5-F198-2F29-902A-EAFDFF6ADC12}"
EndProject
Project("{FAE04EC0-301F-11D3-BF4B-00C04F79EFBC}") = "CallVBFromC#", "Apps\CallVBFromC#\CallVBFromC#.csproj", "{F470D055-F55C-51F7-AFB9-7B5E08B6E302}"
EndProject
Project("{FAE04EC0-301F-11D3-BF4B-00C04F79EFBC}") = "GettingStartedHelloWorld", "Apps\GettingStartedHelloWorld\GettingStartedHelloWorld.csproj", "{60AF7A29-550D-D93D-D314-706FD292770B}"
EndProject
Project("{FAE04EC0-301F-11D3-BF4B-00C04F79EFBC}") = "CelebrityProblem", "Apps\CelebrityProblem\CelebrityProblem.csproj", "{C4D0F633-3119-4CC9-8728-AD63F3936EE3}"
EndProject
Project("{FAE04EC0-301F-11D3-BF4B-00C04F79EFBC}") = "QuickSortAlgo", "Algorithms\QuickSort\QuickSortAlgo.csproj", "{12C6FC3A-4AB5-4EE4-F80D-B324EE827F90}"
EndProject
Project("{FAE04EC0-301F-11D3-BF4B-00C04F79EFBC}") = "QuickSortDemo", "Apps\QuickSortDemo\QuickSortDemo.csproj", "{264FA211-2F1B-4F2F-8BCF-06706BD02628}"
EndProject
Project("{FAE04EC0-301F-11D3-BF4B-00C04F79EFBC}") = "HelloWorldNoTopLevelStatements", "Apps\HelloWorldNoTopLevelStatements\HelloWorldNoTopLevelStatements.csproj", "{7D653E89-0C58-4EC8-B2A1-9433E2F96EA6}"
EndProject
Project("{FAE04EC0-301F-11D3-BF4B-00C04F79EFBC}") = "GetHashTagCounts", "Apps\GetHashTagCounts\GetHashTagCounts.csproj", "{13EC3C87-0FB7-4F24-B130-BCA0590AFFAB}"
EndProject
Project("{FAE04EC0-301F-11D3-BF4B-00C04F79EFBC}") = "PalindromeEnglishOnly", "Apps\PalindromeEnglishOnly\PalindromeEnglishOnly.csproj", "{0ECD3B16-4C95-8441-B3B7-E7819EE0E839}"
EndProject
Project("{FAE04EC0-301F-11D3-BF4B-00C04F79EFBC}") = "MethodOverLoadDemo", "Apps\MethodOverLoadDemo\MethodOverLoadDemo.csproj", "{0CD65AB4-38F9-BA63-9335-6977E2E3E815}"
EndProject
Project("{FAE04EC0-301F-11D3-BF4B-00C04F79EFBC}") = "RunTimePolymorphismDemo", "Apps\RunTimePolymorphismDemo\RunTimePolymorphismDemo.csproj", "{202F9ACD-3C3B-E2F1-C042-54721DE1DB63}"
EndProject
Project("{FAE04EC0-301F-11D3-BF4B-00C04F79EFBC}") = "PropertiesDemoEncapsulation", "Apps\PropertiesDemoEncapsulation\PropertiesDemoEncapsulation.csproj", "{053A55D0-AC7F-4EA9-F6ED-6C74749C6521}"
EndProject
Global
	GlobalSection(SolutionConfigurationPlatforms) = preSolution
		Debug|Any CPU = Debug|Any CPU
		Release|Any CPU = Release|Any CPU
	EndGlobalSection
	GlobalSection(ProjectConfigurationPlatforms) = postSolution
		{EE0F23C9-0454-43C1-D25B-06AB6452EA2F}.Debug|Any CPU.ActiveCfg = Debug|Any CPU
		{EE0F23C9-0454-43C1-D25B-06AB6452EA2F}.Debug|Any CPU.Build.0 = Debug|Any CPU
		{EE0F23C9-0454-43C1-D25B-06AB6452EA2F}.Release|Any CPU.ActiveCfg = Release|Any CPU
		{EE0F23C9-0454-43C1-D25B-06AB6452EA2F}.Release|Any CPU.Build.0 = Release|Any CPU
		{7A428D93-979A-9F91-5B34-63411346D187}.Debug|Any CPU.ActiveCfg = Debug|Any CPU
		{7A428D93-979A-9F91-5B34-63411346D187}.Debug|Any CPU.Build.0 = Debug|Any CPU
		{7A428D93-979A-9F91-5B34-63411346D187}.Release|Any CPU.ActiveCfg = Release|Any CPU
		{7A428D93-979A-9F91-5B34-63411346D187}.Release|Any CPU.Build.0 = Release|Any CPU
		{BA74B7F5-F198-2F29-902A-EAFDFF6ADC12}.Debug|Any CPU.ActiveCfg = Debug|Any CPU
		{BA74B7F5-F198-2F29-902A-EAFDFF6ADC12}.Debug|Any CPU.Build.0 = Debug|Any CPU
		{BA74B7F5-F198-2F29-902A-EAFDFF6ADC12}.Release|Any CPU.ActiveCfg = Release|Any CPU
		{BA74B7F5-F198-2F29-902A-EAFDFF6ADC12}.Release|Any CPU.Build.0 = Release|Any CPU
		{F470D055-F55C-51F7-AFB9-7B5E08B6E302}.Debug|Any CPU.ActiveCfg = Debug|Any CPU
		{F470D055-F55C-51F7-AFB9-7B5E08B6E302}.Debug|Any CPU.Build.0 = Debug|Any CPU
		{F470D055-F55C-51F7-AFB9-7B5E08B6E302}.Release|Any CPU.ActiveCfg = Release|Any CPU
		{F470D055-F55C-51F7-AFB9-7B5E08B6E302}.Release|Any CPU.Build.0 = Release|Any CPU
		{60AF7A29-550D-D93D-D314-706FD292770B}.Debug|Any CPU.ActiveCfg = Debug|Any CPU
		{60AF7A29-550D-D93D-D314-706FD292770B}.Debug|Any CPU.Build.0 = Debug|Any CPU
		{60AF7A29-550D-D93D-D314-706FD292770B}.Release|Any CPU.ActiveCfg = Release|Any CPU
		{60AF7A29-550D-D93D-D314-706FD292770B}.Release|Any CPU.Build.0 = Release|Any CPU
		{C4D0F633-3119-4CC9-8728-AD63F3936EE3}.Debug|Any CPU.ActiveCfg = Debug|Any CPU
		{C4D0F633-3119-4CC9-8728-AD63F3936EE3}.Debug|Any CPU.Build.0 = Debug|Any CPU
		{C4D0F633-3119-4CC9-8728-AD63F3936EE3}.Release|Any CPU.ActiveCfg = Release|Any CPU
		{C4D0F633-3119-4CC9-8728-AD63F3936EE3}.Release|Any CPU.Build.0 = Release|Any CPU
		{12C6FC3A-4AB5-4EE4-F80D-B324EE827F90}.Debug|Any CPU.ActiveCfg = Debug|Any CPU
		{12C6FC3A-4AB5-4EE4-F80D-B324EE827F90}.Debug|Any CPU.Build.0 = Debug|Any CPU
		{12C6FC3A-4AB5-4EE4-F80D-B324EE827F90}.Release|Any CPU.ActiveCfg = Release|Any CPU
		{12C6FC3A-4AB5-4EE4-F80D-B324EE827F90}.Release|Any CPU.Build.0 = Release|Any CPU
		{264FA211-2F1B-4F2F-8BCF-06706BD02628}.Debug|Any CPU.ActiveCfg = Debug|Any CPU
		{264FA211-2F1B-4F2F-8BCF-06706BD02628}.Debug|Any CPU.Build.0 = Debug|Any CPU
		{264FA211-2F1B-4F2F-8BCF-06706BD02628}.Release|Any CPU.ActiveCfg = Release|Any CPU
		{264FA211-2F1B-4F2F-8BCF-06706BD02628}.Release|Any CPU.Build.0 = Release|Any CPU
		{7D653E89-0C58-4EC8-B2A1-9433E2F96EA6}.Debug|Any CPU.ActiveCfg = Debug|Any CPU
		{7D653E89-0C58-4EC8-B2A1-9433E2F96EA6}.Debug|Any CPU.Build.0 = Debug|Any CPU
		{7D653E89-0C58-4EC8-B2A1-9433E2F96EA6}.Release|Any CPU.ActiveCfg = Release|Any CPU
		{7D653E89-0C58-4EC8-B2A1-9433E2F96EA6}.Release|Any CPU.Build.0 = Release|Any CPU
		{13EC3C87-0FB7-4F24-B130-BCA0590AFFAB}.Debug|Any CPU.ActiveCfg = Debug|Any CPU
		{13EC3C87-0FB7-4F24-B130-BCA0590AFFAB}.Debug|Any CPU.Build.0 = Debug|Any CPU
		{13EC3C87-0FB7-4F24-B130-BCA0590AFFAB}.Release|Any CPU.ActiveCfg = Release|Any CPU
		{13EC3C87-0FB7-4F24-B130-BCA0590AFFAB}.Release|Any CPU.Build.0 = Release|Any CPU
		{0ECD3B16-4C95-8441-B3B7-E7819EE0E839}.Debug|Any CPU.ActiveCfg = Debug|Any CPU
		{0ECD3B16-4C95-8441-B3B7-E7819EE0E839}.Debug|Any CPU.Build.0 = Debug|Any CPU
		{0ECD3B16-4C95-8441-B3B7-E7819EE0E839}.Release|Any CPU.ActiveCfg = Release|Any CPU
		{0ECD3B16-4C95-8441-B3B7-E7819EE0E839}.Release|Any CPU.Build.0 = Release|Any CPU
		{0CD65AB4-38F9-BA63-9335-6977E2E3E815}.Debug|Any CPU.ActiveCfg = Debug|Any CPU
		{0CD65AB4-38F9-BA63-9335-6977E2E3E815}.Debug|Any CPU.Build.0 = Debug|Any CPU
		{0CD65AB4-38F9-BA63-9335-6977E2E3E815}.Release|Any CPU.ActiveCfg = Release|Any CPU
		{0CD65AB4-38F9-BA63-9335-6977E2E3E815}.Release|Any CPU.Build.0 = Release|Any CPU
		{202F9ACD-3C3B-E2F1-C042-54721DE1DB63}.Debug|Any CPU.ActiveCfg = Debug|Any CPU
		{202F9ACD-3C3B-E2F1-C042-54721DE1DB63}.Debug|Any CPU.Build.0 = Debug|Any CPU
		{202F9ACD-3C3B-E2F1-C042-54721DE1DB63}.Release|Any CPU.ActiveCfg = Release|Any CPU
		{202F9ACD-3C3B-E2F1-C042-54721DE1DB63}.Release|Any CPU.Build.0 = Release|Any CPU
		{053A55D0-AC7F-4EA9-F6ED-6C74749C6521}.Debug|Any CPU.ActiveCfg = Debug|Any CPU
		{053A55D0-AC7F-4EA9-F6ED-6C74749C6521}.Debug|Any CPU.Build.0 = Debug|Any CPU
		{053A55D0-AC7F-4EA9-F6ED-6C74749C6521}.Release|Any CPU.ActiveCfg = Release|Any CPU
		{053A55D0-AC7F-4EA9-F6ED-6C74749C6521}.Release|Any CPU.Build.0 = Release|Any CPU
	EndGlobalSection
	GlobalSection(SolutionProperties) = preSolution
		HideSolutionNode = FALSE
	EndGlobalSection
	GlobalSection(ExtensibilityGlobals) = postSolution
		SolutionGuid = {F7184F57-4280-4562-920A-B050B3FDCC01}
	EndGlobalSection
EndGlobal
